<?xml version="1.0" encoding="utf-8"?>
<Project ToolsVersion="17.0" xmlns="http://schemas.microsoft.com/developer/msbuild/2003">
  <ItemGroup>
    <CustomBuild Include="C:\works\projects\game-liminal-raytraced-llm-world\build_skytest\CMakeFiles\ddca41e8d88264e759be440fabfa7f58\generate.stamp.rule">
      <Filter>CMake Rules</Filter>
    </CustomBuild>
  </ItemGroup>
  <ItemGroup>
    <Filter Include="CMake Rules">
      <UniqueIdentifier>{908D8AE6-EEE3-3F37-B7B6-7134A8EEFE28}</UniqueIdentifier>
    </Filter>
  </ItemGroup>
</Project>
